// !$*UTF8*$!
{
	archiveVersion = 1;
	classes = {
	};
	objectVersion = 56;
	objects = {

/* Begin PBXBuildFile section */
		207F43CF2BCC503700E19922 /* ARUtilities.docc in Sources */ = {isa = PBXBuildFile; fileRef = 207F43CE2BCC503700E19922 /* ARUtilities.docc */; };
		207F43D52BCC503700E19922 /* ARUtilities.framework in Frameworks */ = {isa = PBXBuildFile; fileRef = 207F43CA2BCC503700E19922 /* ARUtilities.framework */; };
		207F43DA2BCC503700E19922 /* ARUtilitiesTests.swift in Sources */ = {isa = PBXBuildFile; fileRef = 207F43D92BCC503700E19922 /* ARUtilitiesTests.swift */; };
		207F43DB2BCC503700E19922 /* ARUtilities.h in Headers */ = {isa = PBXBuildFile; fileRef = 207F43CD2BCC503700E19922 /* ARUtilities.h */; settings = {ATTRIBUTES = (Public, ); }; };
		207F43E62BCC505F00E19922 /* AudioBackgroundView.swift in Sources */ = {isa = PBXBuildFile; fileRef = 207F43E52BCC505F00E19922 /* AudioBackgroundView.swift */; };
		207F43EA2BCC56A400E19922 /* ARUtilities.podspec in Resources */ = {isa = PBXBuildFile; fileRef = 207F43E92BCC56A400E19922 /* ARUtilities.podspec */; };
/* End PBXBuildFile section */

/* Begin PBXContainerItemProxy section */
		207F43D62BCC503700E19922 /* PBXContainerItemProxy */ = {
			isa = PBXContainerItemProxy;
			containerPortal = 207F43C12BCC503700E19922 /* Project object */;
			proxyType = 1;
			remoteGlobalIDString = 207F43C92BCC503700E19922;
			remoteInfo = ARUtilities;
		};
/* End PBXContainerItemProxy section */

/* Begin PBXFileReference section */
		207F43CA2BCC503700E19922 /* ARUtilities.framework */ = {isa = PBXFileReference; explicitFileType = wrapper.framework; includeInIndex = 0; path = ARUtilities.framework; sourceTree = BUILT_PRODUCTS_DIR; };
		207F43CD2BCC503700E19922 /* ARUtilities.h */ = {isa = PBXFileReference; lastKnownFileType = sourcecode.c.h; path = ARUtilities.h; sourceTree = "<group>"; };
		207F43CE2BCC503700E19922 /* ARUtilities.docc */ = {isa = PBXFileReference; lastKnownFileType = folder.documentationcatalog; path = ARUtilities.docc; sourceTree = "<group>"; };
		207F43D42BCC503700E19922 /* ARUtilitiesTests.xctest */ = {isa = PBXFileReference; explicitFileType = wrapper.cfbundle; includeInIndex = 0; path = ARUtilitiesTests.xctest; sourceTree = BUILT_PRODUCTS_DIR; };
		207F43D92BCC503700E19922 /* ARUtilitiesTests.swift */ = {isa = PBXFileReference; lastKnownFileType = sourcecode.swift; path = ARUtilitiesTests.swift; sourceTree = "<group>"; };
		207F43E52BCC505F00E19922 /* AudioBackgroundView.swift */ = {isa = PBXFileReference; fileEncoding = 4; lastKnownFileType = sourcecode.swift; path = AudioBackgroundView.swift; sourceTree = "<group>"; };
		207F43E92BCC56A400E19922 /* ARUtilities.podspec */ = {isa = PBXFileReference; fileEncoding = 4; lastKnownFileType = text; name = ARUtilities.podspec; path = ../ARUtilities.podspec; sourceTree = "<group>"; xcLanguageSpecificationIdentifier = xcode.lang.swift; };
/* End PBXFileReference section */

/* Begin PBXFrameworksBuildPhase section */
		207F43C72BCC503700E19922 /* Frameworks */ = {
			isa = PBXFrameworksBuildPhase;
			buildActionMask = 2147483647;
			files = (
			);
			runOnlyForDeploymentPostprocessing = 0;
		};
		207F43D12BCC503700E19922 /* Frameworks */ = {
			isa = PBXFrameworksBuildPhase;
			buildActionMask = 2147483647;
			files = (
				207F43D52BCC503700E19922 /* ARUtilities.framework in Frameworks */,
			);
			runOnlyForDeploymentPostprocessing = 0;
		};
/* End PBXFrameworksBuildPhase section */

/* Begin PBXGroup section */
		207F43C02BCC503700E19922 = {
			isa = PBXGroup;
			children = (
				207F43E92BCC56A400E19922 /* ARUtilities.podspec */,
				207F43CC2BCC503700E19922 /* Sources */,
				207F43D82BCC503700E19922 /* ARUtilitiesTests */,
				207F43CB2BCC503700E19922 /* Products */,
			);
			sourceTree = "<group>";
		};
		207F43CB2BCC503700E19922 /* Products */ = {
			isa = PBXGroup;
			children = (
				207F43CA2BCC503700E19922 /* ARUtilities.framework */,
				207F43D42BCC503700E19922 /* ARUtilitiesTests.xctest */,
			);
			name = Products;
			sourceTree = "<group>";
		};
		207F43CC2BCC503700E19922 /* Sources */ = {
			isa = PBXGroup;
			children = (
				207F43E42BCC504600E19922 /* Views */,
				207F43CD2BCC503700E19922 /* ARUtilities.h */,
				207F43CE2BCC503700E19922 /* ARUtilities.docc */,
			);
			path = Sources;
			sourceTree = "<group>";
		};
		207F43D82BCC503700E19922 /* ARUtilitiesTests */ = {
			isa = PBXGroup;
			children = (
				207F43D92BCC503700E19922 /* ARUtilitiesTests.swift */,
			);
			path = ARUtilitiesTests;
			sourceTree = "<group>";
		};
		207F43E42BCC504600E19922 /* Views */ = {
			isa = PBXGroup;
			children = (
				207F43E52BCC505F00E19922 /* AudioBackgroundView.swift */,
			);
			path = Views;
			sourceTree = "<group>";
		};
/* End PBXGroup section */

/* Begin PBXHeadersBuildPhase section */
		207F43C52BCC503700E19922 /* Headers */ = {
			isa = PBXHeadersBuildPhase;
			buildActionMask = 2147483647;
			files = (
				207F43DB2BCC503700E19922 /* ARUtilities.h in Headers */,
			);
			runOnlyForDeploymentPostprocessing = 0;
		};
/* End PBXHeadersBuildPhase section */

/* Begin PBXNativeTarget section */
		207F43C92BCC503700E19922 /* ARUtilities */ = {
			isa = PBXNativeTarget;
			buildConfigurationList = 207F43DE2BCC503700E19922 /* Build configuration list for PBXNativeTarget "ARUtilities" */;
			buildPhases = (
				207F43C52BCC503700E19922 /* Headers */,
				207F43C62BCC503700E19922 /* Sources */,
				207F43C72BCC503700E19922 /* Frameworks */,
				207F43C82BCC503700E19922 /* Resources */,
			);
			buildRules = (
			);
			dependencies = (
			);
			name = ARUtilities;
			productName = ARUtilities;
			productReference = 207F43CA2BCC503700E19922 /* ARUtilities.framework */;
			productType = "com.apple.product-type.framework";
		};
		207F43D32BCC503700E19922 /* ARUtilitiesTests */ = {
			isa = PBXNativeTarget;
			buildConfigurationList = 207F43E12BCC503700E19922 /* Build configuration list for PBXNativeTarget "ARUtilitiesTests" */;
			buildPhases = (
				207F43D02BCC503700E19922 /* Sources */,
				207F43D12BCC503700E19922 /* Frameworks */,
				207F43D22BCC503700E19922 /* Resources */,
			);
			buildRules = (
			);
			dependencies = (
				207F43D72BCC503700E19922 /* PBXTargetDependency */,
			);
			name = ARUtilitiesTests;
			productName = ARUtilitiesTests;
			productReference = 207F43D42BCC503700E19922 /* ARUtilitiesTests.xctest */;
			productType = "com.apple.product-type.bundle.unit-test";
		};
/* End PBXNativeTarget section */

/* Begin PBXProject section */
		207F43C12BCC503700E19922 /* Project object */ = {
			isa = PBXProject;
			attributes = {
				BuildIndependentTargetsInParallel = 1;
				LastSwiftUpdateCheck = 1520;
				LastUpgradeCheck = 1520;
				TargetAttributes = {
					207F43C92BCC503700E19922 = {
						CreatedOnToolsVersion = 15.2;
					};
					207F43D32BCC503700E19922 = {
						CreatedOnToolsVersion = 15.2;
					};
				};
			};
			buildConfigurationList = 207F43C42BCC503700E19922 /* Build configuration list for PBXProject "ARUtilities" */;
			compatibilityVersion = "Xcode 14.0";
			developmentRegion = en;
			hasScannedForEncodings = 0;
			knownRegions = (
				en,
				Base,
			);
			mainGroup = 207F43C02BCC503700E19922;
			productRefGroup = 207F43CB2BCC503700E19922 /* Products */;
			projectDirPath = "";
			projectRoot = "";
			targets = (
				207F43C92BCC503700E19922 /* ARUtilities */,
				207F43D32BCC503700E19922 /* ARUtilitiesTests */,
			);
		};
/* End PBXProject section */

/* Begin PBXResourcesBuildPhase section */
		207F43C82BCC503700E19922 /* Resources */ = {
			isa = PBXResourcesBuildPhase;
			buildActionMask = 2147483647;
			files = (
				207F43EA2BCC56A400E19922 /* ARUtilities.podspec in Resources */,
			);
			runOnlyForDeploymentPostprocessing = 0;
		};
		207F43D22BCC503700E19922 /* Resources */ = {
			isa = PBXResourcesBuildPhase;
			buildActionMask = 2147483647;
			files = (
			);
			runOnlyForDeploymentPostprocessing = 0;
		};
/* End PBXResourcesBuildPhase section */

/* Begin PBXSourcesBuildPhase section */
		207F43C62BCC503700E19922 /* Sources */ = {
			isa = PBXSourcesBuildPhase;
			buildActionMask = 2147483647;
			files = (
				207F43CF2BCC503700E19922 /* ARUtilities.docc in Sources */,
				207F43E62BCC505F00E19922 /* AudioBackgroundView.swift in Sources */,
			);
			runOnlyForDeploymentPostprocessing = 0;
		};
		207F43D02BCC503700E19922 /* Sources */ = {
			isa = PBXSourcesBuildPhase;
			buildActionMask = 2147483647;
			files = (
				207F43DA2BCC503700E19922 /* ARUtilitiesTests.swift in Sources */,
			);
			runOnlyForDeploymentPostprocessing = 0;
		};
/* End PBXSourcesBuildPhase section */

/* Begin PBXTargetDependency section */
		207F43D72BCC503700E19922 /* PBXTargetDependency */ = {
			isa = PBXTargetDependency;
			target = 207F43C92BCC503700E19922 /* ARUtilities */;
			targetProxy = 207F43D62BCC503700E19922 /* PBXContainerItemProxy */;
		};
/* End PBXTargetDependency section */

/* Begin XCBuildConfiguration section */
		207F43DC2BCC503700E19922 /* Debug */ = {
			isa = XCBuildConfiguration;
			buildSettings = {
				ALWAYS_SEARCH_USER_PATHS = NO;
				ASSETCATALOG_COMPILER_GENERATE_SWIFT_ASSET_SYMBOL_EXTENSIONS = YES;
				CLANG_ANALYZER_NONNULL = YES;
				CLANG_ANALYZER_NUMBER_OBJECT_CONVERSION = YES_AGGRESSIVE;
				CLANG_CXX_LANGUAGE_STANDARD = "gnu++20";
				CLANG_ENABLE_MODULES = YES;
				CLANG_ENABLE_OBJC_ARC = YES;
				CLANG_ENABLE_OBJC_WEAK = YES;
				CLANG_WARN_BLOCK_CAPTURE_AUTORELEASING = YES;
				CLANG_WARN_BOOL_CONVERSION = YES;
				CLANG_WARN_COMMA = YES;
				CLANG_WARN_CONSTANT_CONVERSION = YES;
				CLANG_WARN_DEPRECATED_OBJC_IMPLEMENTATIONS = YES;
				CLANG_WARN_DIRECT_OBJC_ISA_USAGE = YES_ERROR;
				CLANG_WARN_DOCUMENTATION_COMMENTS = YES;
				CLANG_WARN_EMPTY_BODY = YES;
				CLANG_WARN_ENUM_CONVERSION = YES;
				CLANG_WARN_INFINITE_RECURSION = YES;
				CLANG_WARN_INT_CONVERSION = YES;
				CLANG_WARN_NON_LITERAL_NULL_CONVERSION = YES;
				CLANG_WARN_OBJC_IMPLICIT_RETAIN_SELF = YES;
				CLANG_WARN_OBJC_LITERAL_CONVERSION = YES;
				CLANG_WARN_OBJC_ROOT_CLASS = YES_ERROR;
				CLANG_WARN_QUOTED_INCLUDE_IN_FRAMEWORK_HEADER = YES;
				CLANG_WARN_RANGE_LOOP_ANALYSIS = YES;
				CLANG_WARN_STRICT_PROTOTYPES = YES;
				CLANG_WARN_SUSPICIOUS_MOVE = YES;
				CLANG_WARN_UNGUARDED_AVAILABILITY = YES_AGGRESSIVE;
				CLANG_WARN_UNREACHABLE_CODE = YES;
				CLANG_WARN__DUPLICATE_METHOD_MATCH = YES;
				COPY_PHASE_STRIP = NO;
				CURRENT_PROJECT_VERSION = 1;
				DEBUG_INFORMATION_FORMAT = dwarf;
				ENABLE_STRICT_OBJC_MSGSEND = YES;
				ENABLE_TESTABILITY = YES;
				ENABLE_USER_SCRIPT_SANDBOXING = YES;
				GCC_C_LANGUAGE_STANDARD = gnu17;
				GCC_DYNAMIC_NO_PIC = NO;
				GCC_NO_COMMON_BLOCKS = YES;
				GCC_OPTIMIZATION_LEVEL = 0;
				GCC_PREPROCESSOR_DEFINITIONS = (
					"DEBUG=1",
					"$(inherited)",
				);
				GCC_WARN_64_TO_32_BIT_CONVERSION = YES;
				GCC_WARN_ABOUT_RETURN_TYPE = YES_ERROR;
				GCC_WARN_UNDECLARED_SELECTOR = YES;
				GCC_WARN_UNINITIALIZED_AUTOS = YES_AGGRESSIVE;
				GCC_WARN_UNUSED_FUNCTION = YES;
				GCC_WARN_UNUSED_VARIABLE = YES;
				IPHONEOS_DEPLOYMENT_TARGET = 17.2;
				LOCALIZATION_PREFERS_STRING_CATALOGS = YES;
				MTL_ENABLE_DEBUG_INFO = INCLUDE_SOURCE;
				MTL_FAST_MATH = YES;
				ONLY_ACTIVE_ARCH = YES;
				SDKROOT = iphoneos;
				SWIFT_ACTIVE_COMPILATION_CONDITIONS = "DEBUG $(inherited)";
				SWIFT_OPTIMIZATION_LEVEL = "-Onone";
				VERSIONING_SYSTEM = "apple-generic";
				VERSION_INFO_PREFIX = "";
			};
			name = Debug;
		};
		207F43DD2BCC503700E19922 /* Release */ = {
			isa = XCBuildConfiguration;
			buildSettings = {
				ALWAYS_SEARCH_USER_PATHS = NO;
				ASSETCATALOG_COMPILER_GENERATE_SWIFT_ASSET_SYMBOL_EXTENSIONS = YES;
				CLANG_ANALYZER_NONNULL = YES;
				CLANG_ANALYZER_NUMBER_OBJECT_CONVERSION = YES_AGGRESSIVE;
				CLANG_CXX_LANGUAGE_STANDARD = "gnu++20";
				CLANG_ENABLE_MODULES = YES;
				CLANG_ENABLE_OBJC_ARC = YES;
				CLANG_ENABLE_OBJC_WEAK = YES;
				CLANG_WARN_BLOCK_CAPTURE_AUTORELEASING = YES;
				CLANG_WARN_BOOL_CONVERSION = YES;
				CLANG_WARN_COMMA = YES;
				CLANG_WARN_CONSTANT_CONVERSION = YES;
				CLANG_WARN_DEPRECATED_OBJC_IMPLEMENTATIONS = YES;
				CLANG_WARN_DIRECT_OBJC_ISA_USAGE = YES_ERROR;
				CLANG_WARN_DOCUMENTATION_COMMENTS = YES;
				CLANG_WARN_EMPTY_BODY = YES;
				CLANG_WARN_ENUM_CONVERSION = YES;
				CLANG_WARN_INFINITE_RECURSION = YES;
				CLANG_WARN_INT_CONVERSION = YES;
				CLANG_WARN_NON_LITERAL_NULL_CONVERSION = YES;
				CLANG_WARN_OBJC_IMPLICIT_RETAIN_SELF = YES;
				CLANG_WARN_OBJC_LITERAL_CONVERSION = YES;
				CLANG_WARN_OBJC_ROOT_CLASS = YES_ERROR;
				CLANG_WARN_QUOTED_INCLUDE_IN_FRAMEWORK_HEADER = YES;
				CLANG_WARN_RANGE_LOOP_ANALYSIS = YES;
				CLANG_WARN_STRICT_PROTOTYPES = YES;
				CLANG_WARN_SUSPICIOUS_MOVE = YES;
				CLANG_WARN_UNGUARDED_AVAILABILITY = YES_AGGRESSIVE;
				CLANG_WARN_UNREACHABLE_CODE = YES;
				CLANG_WARN__DUPLICATE_METHOD_MATCH = YES;
				COPY_PHASE_STRIP = NO;
				CURRENT_PROJECT_VERSION = 1;
				DEBUG_INFORMATION_FORMAT = "dwarf-with-dsym";
				ENABLE_NS_ASSERTIONS = NO;
				ENABLE_STRICT_OBJC_MSGSEND = YES;
				ENABLE_USER_SCRIPT_SANDBOXING = YES;
				GCC_C_LANGUAGE_STANDARD = gnu17;
				GCC_NO_COMMON_BLOCKS = YES;
				GCC_WARN_64_TO_32_BIT_CONVERSION = YES;
				GCC_WARN_ABOUT_RETURN_TYPE = YES_ERROR;
				GCC_WARN_UNDECLARED_SELECTOR = YES;
				GCC_WARN_UNINITIALIZED_AUTOS = YES_AGGRESSIVE;
				GCC_WARN_UNUSED_FUNCTION = YES;
				GCC_WARN_UNUSED_VARIABLE = YES;
				IPHONEOS_DEPLOYMENT_TARGET = 17.2;
				LOCALIZATION_PREFERS_STRING_CATALOGS = YES;
				MTL_ENABLE_DEBUG_INFO = NO;
				MTL_FAST_MATH = YES;
				SDKROOT = iphoneos;
				SWIFT_COMPILATION_MODE = wholemodule;
				VALIDATE_PRODUCT = YES;
				VERSIONING_SYSTEM = "apple-generic";
				VERSION_INFO_PREFIX = "";
			};
			name = Release;
		};
		207F43DF2BCC503700E19922 /* Debug */ = {
			isa = XCBuildConfiguration;
			buildSettings = {
				CODE_SIGN_STYLE = Automatic;
				CURRENT_PROJECT_VERSION = 1;
				DEFINES_MODULE = YES;
				DYLIB_COMPATIBILITY_VERSION = 1;
				DYLIB_CURRENT_VERSION = 1;
				DYLIB_INSTALL_NAME_BASE = "@rpath";
				ENABLE_MODULE_VERIFIER = YES;
				GENERATE_INFOPLIST_FILE = YES;
				INFOPLIST_KEY_NSHumanReadableCopyright = "";
				INSTALL_PATH = "$(LOCAL_LIBRARY_DIR)/Frameworks";
				LD_RUNPATH_SEARCH_PATHS = (
					"$(inherited)",
					"@executable_path/Frameworks",
					"@loader_path/Frameworks",
				);
				MARKETING_VERSION = 1.0;
				MODULE_VERIFIER_SUPPORTED_LANGUAGES = "objective-c objective-c++";
				MODULE_VERIFIER_SUPPORTED_LANGUAGE_STANDARDS = "gnu17 gnu++20";
				PRODUCT_BUNDLE_IDENTIFIER = "pt.afonso-rosa.ARUtilities";
				PRODUCT_NAME = "$(TARGET_NAME:c99extidentifier)";
				SKIP_INSTALL = YES;
				SWIFT_EMIT_LOC_STRINGS = YES;
				SWIFT_VERSION = 5.0;
				TARGETED_DEVICE_FAMILY = "1,2";
			};
			name = Debug;
		};
		207F43E02BCC503700E19922 /* Release */ = {
			isa = XCBuildConfiguration;
			buildSettings = {
				CODE_SIGN_STYLE = Automatic;
				CURRENT_PROJECT_VERSION = 1;
				DEFINES_MODULE = YES;
				DYLIB_COMPATIBILITY_VERSION = 1;
				DYLIB_CURRENT_VERSION = 1;
				DYLIB_INSTALL_NAME_BASE = "@rpath";
				ENABLE_MODULE_VERIFIER = YES;
				GENERATE_INFOPLIST_FILE = YES;
				INFOPLIST_KEY_NSHumanReadableCopyright = "";
				INSTALL_PATH = "$(LOCAL_LIBRARY_DIR)/Frameworks";
				LD_RUNPATH_SEARCH_PATHS = (
					"$(inherited)",
					"@executable_path/Frameworks",
					"@loader_path/Frameworks",
				);
				MARKETING_VERSION = 1.0;
				MODULE_VERIFIER_SUPPORTED_LANGUAGES = "objective-c objective-c++";
				MODULE_VERIFIER_SUPPORTED_LANGUAGE_STANDARDS = "gnu17 gnu++20";
				PRODUCT_BUNDLE_IDENTIFIER = "pt.afonso-rosa.ARUtilities";
				PRODUCT_NAME = "$(TARGET_NAME:c99extidentifier)";
				SKIP_INSTALL = YES;
				SWIFT_EMIT_LOC_STRINGS = YES;
				SWIFT_VERSION = 5.0;
				TARGETED_DEVICE_FAMILY = "1,2";
			};
			name = Release;
		};
		207F43E22BCC503700E19922 /* Debug */ = {
			isa = XCBuildConfiguration;
			buildSettings = {
				ALWAYS_EMBED_SWIFT_STANDARD_LIBRARIES = YES;
				CODE_SIGN_STYLE = Automatic;
				CURRENT_PROJECT_VERSION = 1;
				GENERATE_INFOPLIST_FILE = YES;
				MARKETING_VERSION = 1.0;
				PRODUCT_BUNDLE_IDENTIFIER = "pt.afonso-rosa.ARUtilitiesTests";
				PRODUCT_NAME = "$(TARGET_NAME)";
				SWIFT_EMIT_LOC_STRINGS = NO;
				SWIFT_VERSION = 5.0;
				TARGETED_DEVICE_FAMILY = "1,2";
			};
			name = Debug;
		};
		207F43E32BCC503700E19922 /* Release */ = {
			isa = XCBuildConfiguration;
			buildSettings = {
				ALWAYS_EMBED_SWIFT_STANDARD_LIBRARIES = YES;
				CODE_SIGN_STYLE = Automatic;
				CURRENT_PROJECT_VERSION = 1;
				GENERATE_INFOPLIST_FILE = YES;
				MARKETING_VERSION = 1.0;
				PRODUCT_BUNDLE_IDENTIFIER = "pt.afonso-rosa.ARUtilitiesTests";
				PRODUCT_NAME = "$(TARGET_NAME)";
				SWIFT_EMIT_LOC_STRINGS = NO;
				SWIFT_VERSION = 5.0;
				TARGETED_DEVICE_FAMILY = "1,2";
			};
			name = Release;
		};
/* End XCBuildConfiguration section */

/* Begin XCConfigurationList section */
		207F43C42BCC503700E19922 /* Build configuration list for PBXProject "ARUtilities" */ = {
			isa = XCConfigurationList;
			buildConfigurations = (
				207F43DC2BCC503700E19922 /* Debug */,
				207F43DD2BCC503700E19922 /* Release */,
			);
			defaultConfigurationIsVisible = 0;
			defaultConfigurationName = Release;
		};
		207F43DE2BCC503700E19922 /* Build configuration list for PBXNativeTarget "ARUtilities" */ = {
			isa = XCConfigurationList;
			buildConfigurations = (
				207F43DF2BCC503700E19922 /* Debug */,
				207F43E02BCC503700E19922 /* Release */,
			);
			defaultConfigurationIsVisible = 0;
			defaultConfigurationName = Release;
		};
		207F43E12BCC503700E19922 /* Build configuration list for PBXNativeTarget "ARUtilitiesTests" */ = {
			isa = XCConfigurationList;
			buildConfigurations = (
				207F43E22BCC503700E19922 /* Debug */,
				207F43E32BCC503700E19922 /* Release */,
			);
			defaultConfigurationIsVisible = 0;
			defaultConfigurationName = Release;
		};
/* End XCConfigurationList section */
	};
	rootObject = 207F43C12BCC503700E19922 /* Project object */;
}
